// !$*UTF8*$!
{
	archiveVersion = 1;
	classes = {
	};
	objectVersion = 50;
	objects = {

/* Begin PBXBuildFile section */
		BEA290CA2565844000CE0756 /* AppDelegate.swift in Sources */ = {isa = PBXBuildFile; fileRef = BEA290C92565844000CE0756 /* AppDelegate.swift */; };
		BEA290CC2565844000CE0756 /* SceneDelegate.swift in Sources */ = {isa = PBXBuildFile; fileRef = BEA290CB2565844000CE0756 /* SceneDelegate.swift */; };
		BEA290CE2565844000CE0756 /* ContentView.swift in Sources */ = {isa = PBXBuildFile; fileRef = BEA290CD2565844000CE0756 /* ContentView.swift */; };
		BEA290D02565844400CE0756 /* Assets.xcassets in Resources */ = {isa = PBXBuildFile; fileRef = BEA290CF2565844400CE0756 /* Assets.xcassets */; };
		BEA290D32565844400CE0756 /* Preview Assets.xcassets in Resources */ = {isa = PBXBuildFile; fileRef = BEA290D22565844400CE0756 /* Preview Assets.xcassets */; };
		BEA290D62565844400CE0756 /* LaunchScreen.storyboard in Resources */ = {isa = PBXBuildFile; fileRef = BEA290D42565844400CE0756 /* LaunchScreen.storyboard */; };
		BEA290E425659DE000CE0756 /* BottomSheetModel.swift in Sources */ = {isa = PBXBuildFile; fileRef = BEA290E325659DE000CE0756 /* BottomSheetModel.swift */; };
		BEA290E725659E1900CE0756 /* ViewExt.swift in Sources */ = {isa = PBXBuildFile; fileRef = BEA290E625659E1900CE0756 /* ViewExt.swift */; };
		BEA290ED2565A44200CE0756 /* Model.swift in Sources */ = {isa = PBXBuildFile; fileRef = BEA290EC2565A44200CE0756 /* Model.swift */; };
		BEA290F02565A4E000CE0756 /* SwiftUIView.swift in Sources */ = {isa = PBXBuildFile; fileRef = BEA290EF2565A4E000CE0756 /* SwiftUIView.swift */; };
		BEA290F82565BBD000CE0756 /* ReadMore.swift in Sources */ = {isa = PBXBuildFile; fileRef = BEA290F72565BBD000CE0756 /* ReadMore.swift */; };
		BEA290FB2565C59800CE0756 /* BottomView.swift in Sources */ = {isa = PBXBuildFile; fileRef = BEA290FA2565C59800CE0756 /* BottomView.swift */; };
		BEC252C92566FF16008657B1 /* Bottom2.swift in Sources */ = {isa = PBXBuildFile; fileRef = BEC252C82566FF16008657B1 /* Bottom2.swift */; };
		BEC252CE256705F6008657B1 /* Buttom3.swift in Sources */ = {isa = PBXBuildFile; fileRef = BEC252CD256705F6008657B1 /* Buttom3.swift */; };
/* End PBXBuildFile section */

/* Begin PBXFileReference section */
		BEA290C62565844000CE0756 /* Assignment.app */ = {isa = PBXFileReference; explicitFileType = wrapper.application; includeInIndex = 0; path = Assignment.app; sourceTree = BUILT_PRODUCTS_DIR; };
		BEA290C92565844000CE0756 /* AppDelegate.swift */ = {isa = PBXFileReference; lastKnownFileType = sourcecode.swift; path = AppDelegate.swift; sourceTree = "<group>"; };
		BEA290CB2565844000CE0756 /* SceneDelegate.swift */ = {isa = PBXFileReference; lastKnownFileType = sourcecode.swift; path = SceneDelegate.swift; sourceTree = "<group>"; };
		BEA290CD2565844000CE0756 /* ContentView.swift */ = {isa = PBXFileReference; lastKnownFileType = sourcecode.swift; path = ContentView.swift; sourceTree = "<group>"; };
		BEA290CF2565844400CE0756 /* Assets.xcassets */ = {isa = PBXFileReference; lastKnownFileType = folder.assetcatalog; path = Assets.xcassets; sourceTree = "<group>"; };
		BEA290D22565844400CE0756 /* Preview Assets.xcassets */ = {isa = PBXFileReference; lastKnownFileType = folder.assetcatalog; path = "Preview Assets.xcassets"; sourceTree = "<group>"; };
		BEA290D52565844400CE0756 /* Base */ = {isa = PBXFileReference; lastKnownFileType = file.storyboard; name = Base; path = Base.lproj/LaunchScreen.storyboard; sourceTree = "<group>"; };
		BEA290D72565844400CE0756 /* Info.plist */ = {isa = PBXFileReference; lastKnownFileType = text.plist.xml; path = Info.plist; sourceTree = "<group>"; };
		BEA290E325659DE000CE0756 /* BottomSheetModel.swift */ = {isa = PBXFileReference; lastKnownFileType = sourcecode.swift; path = BottomSheetModel.swift; sourceTree = "<group>"; };
		BEA290E625659E1900CE0756 /* ViewExt.swift */ = {isa = PBXFileReference; lastKnownFileType = sourcecode.swift; path = ViewExt.swift; sourceTree = "<group>"; };
		BEA290EC2565A44200CE0756 /* Model.swift */ = {isa = PBXFileReference; lastKnownFileType = sourcecode.swift; path = Model.swift; sourceTree = "<group>"; };
		BEA290EF2565A4E000CE0756 /* SwiftUIView.swift */ = {isa = PBXFileReference; lastKnownFileType = sourcecode.swift; path = SwiftUIView.swift; sourceTree = "<group>"; };
		BEA290F72565BBD000CE0756 /* ReadMore.swift */ = {isa = PBXFileReference; lastKnownFileType = sourcecode.swift; path = ReadMore.swift; sourceTree = "<group>"; };
		BEA290FA2565C59800CE0756 /* BottomView.swift */ = {isa = PBXFileReference; lastKnownFileType = sourcecode.swift; path = BottomView.swift; sourceTree = "<group>"; };
		BEC252C82566FF16008657B1 /* Bottom2.swift */ = {isa = PBXFileReference; lastKnownFileType = sourcecode.swift; path = Bottom2.swift; sourceTree = "<group>"; };
		BEC252CD256705F6008657B1 /* Buttom3.swift */ = {isa = PBXFileReference; lastKnownFileType = sourcecode.swift; path = Buttom3.swift; sourceTree = "<group>"; };
/* End PBXFileReference section */

/* Begin PBXFrameworksBuildPhase section */
		BEA290C32565844000CE0756 /* Frameworks */ = {
			isa = PBXFrameworksBuildPhase;
			buildActionMask = 2147483647;
			files = (
			);
			runOnlyForDeploymentPostprocessing = 0;
		};
/* End PBXFrameworksBuildPhase section */

/* Begin PBXGroup section */
		BEA290BD2565844000CE0756 = {
			isa = PBXGroup;
			children = (
				BEA290C82565844000CE0756 /* Assignment */,
				BEA290C72565844000CE0756 /* Products */,
			);
			sourceTree = "<group>";
		};
		BEA290C72565844000CE0756 /* Products */ = {
			isa = PBXGroup;
			children = (
				BEA290C62565844000CE0756 /* Assignment.app */,
			);
			name = Products;
			sourceTree = "<group>";
		};
		BEA290C82565844000CE0756 /* Assignment */ = {
			isa = PBXGroup;
			children = (
				BEA290C92565844000CE0756 /* AppDelegate.swift */,
				BEA290CB2565844000CE0756 /* SceneDelegate.swift */,
				BEA290CD2565844000CE0756 /* ContentView.swift */,
				BEA290EF2565A4E000CE0756 /* SwiftUIView.swift */,
				BEA290FA2565C59800CE0756 /* BottomView.swift */,
				BEC252C82566FF16008657B1 /* Bottom2.swift */,
				BEC252CD256705F6008657B1 /* Buttom3.swift */,
				BEA290F72565BBD000CE0756 /* ReadMore.swift */,
				BEA290EC2565A44200CE0756 /* Model.swift */,
				BEA290E325659DE000CE0756 /* BottomSheetModel.swift */,
				BEA290E625659E1900CE0756 /* ViewExt.swift */,
				BEA290CF2565844400CE0756 /* Assets.xcassets */,
				BEA290D42565844400CE0756 /* LaunchScreen.storyboard */,
				BEA290D72565844400CE0756 /* Info.plist */,
				BEA290D12565844400CE0756 /* Preview Content */,
			);
			path = Assignment;
			sourceTree = "<group>";
		};
		BEA290D12565844400CE0756 /* Preview Content */ = {
			isa = PBXGroup;
			children = (
				BEA290D22565844400CE0756 /* Preview Assets.xcassets */,
			);
			path = "Preview Content";
			sourceTree = "<group>";
		};
/* End PBXGroup section */

/* Begin PBXNativeTarget section */
		BEA290C52565844000CE0756 /* Assignment */ = {
			isa = PBXNativeTarget;
			buildConfigurationList = BEA290DA2565844400CE0756 /* Build configuration list for PBXNativeTarget "Assignment" */;
			buildPhases = (
				BEA290C22565844000CE0756 /* Sources */,
				BEA290C32565844000CE0756 /* Frameworks */,
				BEA290C42565844000CE0756 /* Resources */,
			);
			buildRules = (
			);
			dependencies = (
			);
			name = Assignment;
			productName = Assignment;
			productReference = BEA290C62565844000CE0756 /* Assignment.app */;
			productType = "com.apple.product-type.application";
		};
/* End PBXNativeTarget section */

/* Begin PBXProject section */
		BEA290BE2565844000CE0756 /* Project object */ = {
			isa = PBXProject;
			attributes = {
				LastSwiftUpdateCheck = 1210;
				LastUpgradeCheck = 1210;
				TargetAttributes = {
					BEA290C52565844000CE0756 = {
						CreatedOnToolsVersion = 12.1;
					};
				};
			};
			buildConfigurationList = BEA290C12565844000CE0756 /* Build configuration list for PBXProject "Assignment" */;
			compatibilityVersion = "Xcode 9.3";
			developmentRegion = en;
			hasScannedForEncodings = 0;
			knownRegions = (
				en,
				Base,
			);
			mainGroup = BEA290BD2565844000CE0756;
			productRefGroup = BEA290C72565844000CE0756 /* Products */;
			projectDirPath = "";
			projectRoot = "";
			targets = (
				BEA290C52565844000CE0756 /* Assignment */,
			);
		};
/* End PBXProject section */

/* Begin PBXResourcesBuildPhase section */
		BEA290C42565844000CE0756 /* Resources */ = {
			isa = PBXResourcesBuildPhase;
			buildActionMask = 2147483647;
			files = (
				BEA290D62565844400CE0756 /* LaunchScreen.storyboard in Resources */,
				BEA290D32565844400CE0756 /* Preview Assets.xcassets in Resources */,
				BEA290D02565844400CE0756 /* Assets.xcassets in Resources */,
			);
			runOnlyForDeploymentPostprocessing = 0;
		};
/* End PBXResourcesBuildPhase section */

/* Begin PBXSourcesBuildPhase section */
		BEA290C22565844000CE0756 /* Sources */ = {
			isa = PBXSourcesBuildPhase;
			buildActionMask = 2147483647;
			files = (
				BEA290FB2565C59800CE0756 /* BottomView.swift in Sources */,
				BEA290F82565BBD000CE0756 /* ReadMore.swift in Sources */,
				BEA290ED2565A44200CE0756 /* Model.swift in Sources */,
				BEA290CA2565844000CE0756 /* AppDelegate.swift in Sources */,
				BEA290F02565A4E000CE0756 /* SwiftUIView.swift in Sources */,
				BEC252CE256705F6008657B1 /* Buttom3.swift in Sources */,
				BEA290E425659DE000CE0756 /* BottomSheetModel.swift in Sources */,
				BEA290CC2565844000CE0756 /* SceneDelegate.swift in Sources */,
				BEC252C92566FF16008657B1 /* Bottom2.swift in Sources */,
				BEA290E725659E1900CE0756 /* ViewExt.swift in Sources */,
				BEA290CE2565844000CE0756 /* ContentView.swift in Sources */,
			);
			runOnlyForDeploymentPostprocessing = 0;
		};
/* End PBXSourcesBuildPhase section */

/* Begin PBXVariantGroup section */
		BEA290D42565844400CE0756 /* LaunchScreen.storyboard */ = {
			isa = PBXVariantGroup;
			children = (
				BEA290D52565844400CE0756 /* Base */,
			);
			name = LaunchScreen.storyboard;
			sourceTree = "<group>";
		};
/* End PBXVariantGroup section */

/* Begin XCBuildConfiguration section */
		BEA290D82565844400CE0756 /* Debug */ = {
			isa = XCBuildConfiguration;
			buildSettings = {
				ALWAYS_SEARCH_USER_PATHS = NO;
				CLANG_ANALYZER_NONNULL = YES;
				CLANG_ANALYZER_NUMBER_OBJECT_CONVERSION = YES_AGGRESSIVE;
				CLANG_CXX_LANGUAGE_STANDARD = "gnu++14";
				CLANG_CXX_LIBRARY = "libc++";
				CLANG_ENABLE_MODULES = YES;
				CLANG_ENABLE_OBJC_ARC = YES;
				CLANG_ENABLE_OBJC_WEAK = YES;
				CLANG_WARN_BLOCK_CAPTURE_AUTORELEASING = YES;
				CLANG_WARN_BOOL_CONVERSION = YES;
				CLANG_WARN_COMMA = YES;
				CLANG_WARN_CONSTANT_CONVERSION = YES;
				CLANG_WARN_DEPRECATED_OBJC_IMPLEMENTATIONS = YES;
				CLANG_WARN_DIRECT_OBJC_ISA_USAGE = YES_ERROR;
				CLANG_WARN_DOCUMENTATION_COMMENTS = YES;
				CLANG_WARN_EMPTY_BODY = YES;
				CLANG_WARN_ENUM_CONVERSION = YES;
				CLANG_WARN_INFINITE_RECURSION = YES;
				CLANG_WARN_INT_CONVERSION = YES;
				CLANG_WARN_NON_LITERAL_NULL_CONVERSION = YES;
				CLANG_WARN_OBJC_IMPLICIT_RETAIN_SELF = YES;
				CLANG_WARN_OBJC_LITERAL_CONVERSION = YES;
				CLANG_WARN_OBJC_ROOT_CLASS = YES_ERROR;
				CLANG_WARN_QUOTED_INCLUDE_IN_FRAMEWORK_HEADER = YES;
				CLANG_WARN_RANGE_LOOP_ANALYSIS = YES;
				CLANG_WARN_STRICT_PROTOTYPES = YES;
				CLANG_WARN_SUSPICIOUS_MOVE = YES;
				CLANG_WARN_UNGUARDED_AVAILABILITY = YES_AGGRESSIVE;
				CLANG_WARN_UNREACHABLE_CODE = YES;
				CLANG_WARN__DUPLICATE_METHOD_MATCH = YES;
				COPY_PHASE_STRIP = NO;
				DEBUG_INFORMATION_FORMAT = dwarf;
				ENABLE_STRICT_OBJC_MSGSEND = YES;
				ENABLE_TESTABILITY = YES;
				GCC_C_LANGUAGE_STANDARD = gnu11;
				GCC_DYNAMIC_NO_PIC = NO;
				GCC_NO_COMMON_BLOCKS = YES;
				GCC_OPTIMIZATION_LEVEL = 0;
				GCC_PREPROCESSOR_DEFINITIONS = (
					"DEBUG=1",
					"$(inherited)",
				);
				GCC_WARN_64_TO_32_BIT_CONVERSION = YES;
				GCC_WARN_ABOUT_RETURN_TYPE = YES_ERROR;
				GCC_WARN_UNDECLARED_SELECTOR = YES;
				GCC_WARN_UNINITIALIZED_AUTOS = YES_AGGRESSIVE;
				GCC_WARN_UNUSED_FUNCTION = YES;
				GCC_WARN_UNUSED_VARIABLE = YES;
				IPHONEOS_DEPLOYMENT_TARGET = 14.1;
				MTL_ENABLE_DEBUG_INFO = INCLUDE_SOURCE;
				MTL_FAST_MATH = YES;
				ONLY_ACTIVE_ARCH = YES;
				SDKROOT = iphoneos;
				SWIFT_ACTIVE_COMPILATION_CONDITIONS = DEBUG;
				SWIFT_OPTIMIZATION_LEVEL = "-Onone";
			};
			name = Debug;
		};
		BEA290D92565844400CE0756 /* Release */ = {
			isa = XCBuildConfiguration;
			buildSettings = {
				ALWAYS_SEARCH_USER_PATHS = NO;
				CLANG_ANALYZER_NONNULL = YES;
				CLANG_ANALYZER_NUMBER_OBJECT_CONVERSION = YES_AGGRESSIVE;
				CLANG_CXX_LANGUAGE_STANDARD = "gnu++14";
				CLANG_CXX_LIBRARY = "libc++";
				CLANG_ENABLE_MODULES = YES;
				CLANG_ENABLE_OBJC_ARC = YES;
				CLANG_ENABLE_OBJC_WEAK = YES;
				CLANG_WARN_BLOCK_CAPTURE_AUTORELEASING = YES;
				CLANG_WARN_BOOL_CONVERSION = YES;
				CLANG_WARN_COMMA = YES;
				CLANG_WARN_CONSTANT_CONVERSION = YES;
				CLANG_WARN_DEPRECATED_OBJC_IMPLEMENTATIONS = YES;
				CLANG_WARN_DIRECT_OBJC_ISA_USAGE = YES_ERROR;
				CLANG_WARN_DOCUMENTATION_COMMENTS = YES;
				CLANG_WARN_EMPTY_BODY = YES;
				CLANG_WARN_ENUM_CONVERSION = YES;
				CLANG_WARN_INFINITE_RECURSION = YES;
				CLANG_WARN_INT_CONVERSION = YES;
				CLANG_WARN_NON_LITERAL_NULL_CONVERSION = YES;
				CLANG_WARN_OBJC_IMPLICIT_RETAIN_SELF = YES;
				CLANG_WARN_OBJC_LITERAL_CONVERSION = YES;
				CLANG_WARN_OBJC_ROOT_CLASS = YES_ERROR;
				CLANG_WARN_QUOTED_INCLUDE_IN_FRAMEWORK_HEADER = YES;
				CLANG_WARN_RANGE_LOOP_ANALYSIS = YES;
				CLANG_WARN_STRICT_PROTOTYPES = YES;
				CLANG_WARN_SUSPICIOUS_MOVE = YES;
				CLANG_WARN_UNGUARDED_AVAILABILITY = YES_AGGRESSIVE;
				CLANG_WARN_UNREACHABLE_CODE = YES;
				CLANG_WARN__DUPLICATE_METHOD_MATCH = YES;
				COPY_PHASE_STRIP = NO;
				DEBUG_INFORMATION_FORMAT = "dwarf-with-dsym";
				ENABLE_NS_ASSERTIONS = NO;
				ENABLE_STRICT_OBJC_MSGSEND = YES;
				GCC_C_LANGUAGE_STANDARD = gnu11;
				GCC_NO_COMMON_BLOCKS = YES;
				GCC_WARN_64_TO_32_BIT_CONVERSION = YES;
				GCC_WARN_ABOUT_RETURN_TYPE = YES_ERROR;
				GCC_WARN_UNDECLARED_SELECTOR = YES;
				GCC_WARN_UNINITIALIZED_AUTOS = YES_AGGRESSIVE;
				GCC_WARN_UNUSED_FUNCTION = YES;
				GCC_WARN_UNUSED_VARIABLE = YES;
				IPHONEOS_DEPLOYMENT_TARGET = 14.1;
				MTL_ENABLE_DEBUG_INFO = NO;
				MTL_FAST_MATH = YES;
				SDKROOT = iphoneos;
				SWIFT_COMPILATION_MODE = wholemodule;
				SWIFT_OPTIMIZATION_LEVEL = "-O";
				VALIDATE_PRODUCT = YES;
			};
			name = Release;
		};
		BEA290DB2565844400CE0756 /* Debug */ = {
			isa = XCBuildConfiguration;
			buildSettings = {
				ASSETCATALOG_COMPILER_APPICON_NAME = AppIcon;
				ASSETCATALOG_COMPILER_GLOBAL_ACCENT_COLOR_NAME = AccentColor;
				CODE_SIGN_STYLE = Automatic;
				DEVELOPMENT_ASSET_PATHS = "\"Assignment/Preview Content\"";
				DEVELOPMENT_TEAM = X5CNZGAZC3;
				ENABLE_PREVIEWS = YES;
				INFOPLIST_FILE = Assignment/Info.plist;
				LD_RUNPATH_SEARCH_PATHS = (
					"$(inherited)",
					"@executable_path/Frameworks",
				);
				PRODUCT_BUNDLE_IDENTIFIER = hariom.personal.Assignment;
				PRODUCT_NAME = "$(TARGET_NAME)";
				SWIFT_VERSION = 5.0;
				TARGETED_DEVICE_FAMILY = "1,2";
			};
			name = Debug;
		};
		BEA290DC2565844400CE0756 /* Release */ = {
			isa = XCBuildConfiguration;
			buildSettings = {
				ASSETCATALOG_COMPILER_APPICON_NAME = AppIcon;
				ASSETCATALOG_COMPILER_GLOBAL_ACCENT_COLOR_NAME = AccentColor;
				CODE_SIGN_STYLE = Automatic;
				DEVELOPMENT_ASSET_PATHS = "\"Assignment/Preview Content\"";
				DEVELOPMENT_TEAM = X5CNZGAZC3;
				ENABLE_PREVIEWS = YES;
				INFOPLIST_FILE = Assignment/Info.plist;
				LD_RUNPATH_SEARCH_PATHS = (
					"$(inherited)",
					"@executable_path/Frameworks",
				);
				PRODUCT_BUNDLE_IDENTIFIER = hariom.personal.Assignment;
				PRODUCT_NAME = "$(TARGET_NAME)";
				SWIFT_VERSION = 5.0;
				TARGETED_DEVICE_FAMILY = "1,2";
			};
			name = Release;
		};
/* End XCBuildConfiguration section */

/* Begin XCConfigurationList section */
		BEA290C12565844000CE0756 /* Build configuration list for PBXProject "Assignment" */ = {
			isa = XCConfigurationList;
			buildConfigurations = (
				BEA290D82565844400CE0756 /* Debug */,
				BEA290D92565844400CE0756 /* Release */,
			);
			defaultConfigurationIsVisible = 0;
			defaultConfigurationName = Release;
		};
		BEA290DA2565844400CE0756 /* Build configuration list for PBXNativeTarget "Assignment" */ = {
			isa = XCConfigurationList;
			buildConfigurations = (
				BEA290DB2565844400CE0756 /* Debug */,
				BEA290DC2565844400CE0756 /* Release */,
			);
			defaultConfigurationIsVisible = 0;
			defaultConfigurationName = Release;
		};
/* End XCConfigurationList section */
	};
	rootObject = BEA290BE2565844000CE0756 /* Project object */;
}
